
Microsoft Visual Studio Solution File, Format Version 12.00
# Visual Studio 2012
Project("{FAE04EC0-301F-11D3-BF4B-00C04F79EFBC}") = "WPF_NFCSample_01", "WPF_NFCSample_01\WPF_NFCSample_01.csproj", "{A466D3E8-B497-4C9A-A639-1C8A7B75A0C9}"
EndProject
Global
	GlobalSection(SolutionConfigurationPlatforms) = preSolution
		Debug|Any CPU = Debug|Any CPU
		Release|Any CPU = Release|Any CPU
	EndGlobalSection
	GlobalSection(ProjectConfigurationPlatforms) = postSolution
		{A466D3E8-B497-4C9A-A639-1C8A7B75A0C9}.Debug|Any CPU.ActiveCfg = Debug|Any CPU
		{A466D3E8-B497-4C9A-A639-1C8A7B75A0C9}.Debug|Any CPU.Build.0 = Debug|Any CPU
		{A466D3E8-B497-4C9A-A639-1C8A7B75A0C9}.Release|Any CPU.ActiveCfg = Release|Any CPU
		{A466D3E8-B497-4C9A-A639-1C8A7B75A0C9}.Release|Any CPU.Build.0 = Release|Any CPU
	EndGlobalSection
	GlobalSection(SolutionProperties) = preSolution
		HideSolutionNode = FALSE
	EndGlobalSection
EndGlobal
